{
  "name": "@gerhardt-test-cli-dev/core",
  "version": "1.0.6",
  "lockfileVersion": 1,
  "requires": true,
  "dependencies": {
    "@gerhardt-test-cli-dev/utils": {
      "version": "file:../utils"
    },
    "ansi-regex": {
      "version": "5.0.1",
      "resolved": "http://artifactory.intra.xiaojukeji.com/artifactory/api/npm/npm/ansi-regex/-/ansi-regex-5.0.1.tgz?dl=https%3A%2F%2Fregistry.npmmirror.com%2Fansi-regex%2F-%2Fansi-regex-5.0.1.tgz",
      "integrity": "sha1-CCyyyJyf6GWaMRpTvWpNxTAdswQ="
    },
    "ansi-styles": {
      "version": "4.3.0",
      "resolved": "http://artifactory.intra.xiaojukeji.com/artifactory/api/npm/npm/ansi-styles/-/ansi-styles-4.3.0.tgz?dl=https%3A%2F%2Fregistry.npmmirror.com%2Fansi-styles%2F-%2Fansi-styles-4.3.0.tgz",
      "integrity": "sha1-7dgDYornHATIWuegkG7a00tkiTc=",
      "requires": {
        "color-convert": "^2.0.1"
      }
    },
    "cliui": {
      "version": "8.0.1",
      "resolved": "http://artifactory.intra.xiaojukeji.com/artifactory/api/npm/npm/cliui/-/cliui-8.0.1.tgz?dl=https%3A%2F%2Fregistry.npmmirror.com%2Fcliui%2F-%2Fcliui-8.0.1.tgz",
      "integrity": "sha1-DASwddsCy/5g3I5s8vVIaxo2CKo=",
      "requires": {
        "string-width": "^4.2.0",
        "strip-ansi": "^6.0.1",
        "wrap-ansi": "^7.0.0"
      }
    },
    "color-convert": {
      "version": "2.0.1",
      "resolved": "http://artifactory.intra.xiaojukeji.com/artifactory/api/npm/npm/color-convert/-/color-convert-2.0.1.tgz?dl=https%3A%2F%2Fregistry.npmmirror.com%2Fcolor-convert%2F-%2Fcolor-convert-2.0.1.tgz",
      "integrity": "sha1-ctOmjVmMm9s68q0ehPIdiWq9TeM=",
      "requires": {
        "color-name": "~1.1.4"
      }
    },
    "color-name": {
      "version": "1.1.4",
      "resolved": "http://artifactory.intra.xiaojukeji.com/artifactory/api/npm/npm/color-name/-/color-name-1.1.4.tgz?dl=https%3A%2F%2Fregistry.npmmirror.com%2Fcolor-name%2F-%2Fcolor-name-1.1.4.tgz",
      "integrity": "sha1-wqCah6y95pVD3m9j+jmVyCbFNqI="
    },
    "emoji-regex": {
      "version": "8.0.0",
      "resolved": "http://artifactory.intra.xiaojukeji.com/artifactory/api/npm/npm/emoji-regex/-/emoji-regex-8.0.0.tgz?dl=https%3A%2F%2Fregistry.npmmirror.com%2Femoji-regex%2F-%2Femoji-regex-8.0.0.tgz",
      "integrity": "sha1-6Bj9ac5cz8tARZT4QpY79TFkzDc="
    },
    "escalade": {
      "version": "3.1.1",
      "resolved": "http://artifactory.intra.xiaojukeji.com/artifactory/api/npm/npm/escalade/-/escalade-3.1.1.tgz?dl=https%3A%2F%2Fregistry.npmmirror.com%2Fescalade%2F-%2Fescalade-3.1.1.tgz",
      "integrity": "sha1-2M/ccACWXFoBdLSoLqpcBVJ0LkA="
    },
    "gerhardt-cli-test-lib": {
      "version": "1.0.0",
      "resolved": "https://registry.npmmirror.com/gerhardt-cli-test-lib/-/gerhardt-cli-test-lib-1.0.0.tgz",
      "integrity": "sha512-Nv0YZl9+IwQDT41vCB+3Q7y3HNWN7NiIN7pTf7v+iiJEAstWzmF9LEj+zUF/+lL6zXoYCzbVgZMlN/EW5k63yg=="
    },
    "get-caller-file": {
      "version": "2.0.5",
      "resolved": "http://artifactory.intra.xiaojukeji.com/artifactory/api/npm/npm/get-caller-file/-/get-caller-file-2.0.5.tgz?dl=https%3A%2F%2Fregistry.npmmirror.com%2Fget-caller-file%2F-%2Fget-caller-file-2.0.5.tgz",
      "integrity": "sha1-T5RBKoLbMvNuOwuXQfipf+sDH34="
    },
    "is-fullwidth-code-point": {
      "version": "3.0.0",
      "resolved": "http://artifactory.intra.xiaojukeji.com/artifactory/api/npm/npm/is-fullwidth-code-point/-/is-fullwidth-code-point-3.0.0.tgz?dl=https%3A%2F%2Fregistry.npmmirror.com%2Fis-fullwidth-code-point%2F-%2Fis-fullwidth-code-point-3.0.0.tgz",
      "integrity": "sha1-8Rb4Bk/pCz94RKOJl8C3UFEmnx0="
    },
    "require-directory": {
      "version": "2.1.1",
      "resolved": "http://artifactory.intra.xiaojukeji.com/artifactory/api/npm/npm/require-directory/-/require-directory-2.1.1.tgz?dl=https%3A%2F%2Fregistry.npmmirror.com%2Frequire-directory%2F-%2Frequire-directory-2.1.1.tgz",
      "integrity": "sha1-jGStX9MNqxyXbiNE/+f3kqam30I="
    },
    "string-width": {
      "version": "4.2.3",
      "resolved": "http://artifactory.intra.xiaojukeji.com/artifactory/api/npm/npm/string-width/-/string-width-4.2.3.tgz?dl=https%3A%2F%2Fregistry.npmmirror.com%2Fstring-width%2F-%2Fstring-width-4.2.3.tgz",
      "integrity": "sha1-JpxxF9J7Ba0uU2gwqOyJXvnG0BA=",
      "requires": {
        "emoji-regex": "^8.0.0",
        "is-fullwidth-code-point": "^3.0.0",
        "strip-ansi": "^6.0.1"
      }
    },
    "strip-ansi": {
      "version": "6.0.1",
      "resolved": "http://artifactory.intra.xiaojukeji.com/artifactory/api/npm/npm/strip-ansi/-/strip-ansi-6.0.1.tgz?dl=https%3A%2F%2Fregistry.npmmirror.com%2Fstrip-ansi%2F-%2Fstrip-ansi-6.0.1.tgz",
      "integrity": "sha1-nibGPTD1NEPpSJSVshBdN7Z6hdk=",
      "requires": {
        "ansi-regex": "^5.0.1"
      }
    },
    "wrap-ansi": {
      "version": "7.0.0",
      "resolved": "http://artifactory.intra.xiaojukeji.com/artifactory/api/npm/npm/wrap-ansi/-/wrap-ansi-7.0.0.tgz?dl=https%3A%2F%2Fregistry.npmmirror.com%2Fwrap-ansi%2F-%2Fwrap-ansi-7.0.0.tgz",
      "integrity": "sha1-Z+FFz/UQpqaYS98RUpEdadLrnkM=",
      "requires": {
        "ansi-styles": "^4.0.0",
        "string-width": "^4.1.0",
        "strip-ansi": "^6.0.0"
      }
    },
    "y18n": {
      "version": "5.0.8",
      "resolved": "http://artifactory.intra.xiaojukeji.com/artifactory/api/npm/npm/y18n/-/y18n-5.0.8.tgz?dl=https%3A%2F%2Fregistry.npmmirror.com%2Fy18n%2F-%2Fy18n-5.0.8.tgz",
      "integrity": "sha1-f0k00PfKjFb5UxSTndzS3ZHOHVU="
    },
    "yargs": {
      "version": "17.7.2",
      "resolved": "http://artifactory.intra.xiaojukeji.com/artifactory/api/npm/npm/yargs/-/yargs-17.7.2.tgz?dl=https%3A%2F%2Fregistry.npmmirror.com%2Fyargs%2F-%2Fyargs-17.7.2.tgz",
      "integrity": "sha1-mR3zmspnWhkrgW4eA2P5110qomk=",
      "requires": {
        "cliui": "^8.0.1",
        "escalade": "^3.1.1",
        "get-caller-file": "^2.0.5",
        "require-directory": "^2.1.1",
        "string-width": "^4.2.3",
        "y18n": "^5.0.5",
        "yargs-parser": "^21.1.1"
      }
    },
    "yargs-parser": {
      "version": "21.1.1",
      "resolved": "http://artifactory.intra.xiaojukeji.com/artifactory/api/npm/npm/yargs-parser/-/yargs-parser-21.1.1.tgz?dl=https%3A%2F%2Fregistry.npmmirror.com%2Fyargs-parser%2F-%2Fyargs-parser-21.1.1.tgz",
      "integrity": "sha1-kJa87r+ZDSG7MfqVFuDt4pSnfTU="
    }
  }
}
